# generated by rye
# use `rye lock` or `rye sync` to update this lockfile
#
# last locked with the following flags:
#   pre: false
#   features: []
#   all-features: false
#   with-sources: false
#   generate-hashes: false
#   universal: false

-e file:.
beautifulsoup4==4.12.3
    # via markdownify
markdownify==0.13.1
    # via evernote2md
pytz==2024.2
    # via evernote2md
six==1.16.0
    # via markdownify
soupsieve==2.6
    # via beautifulsoup4
