{
  "name": "@types/three",
  "version": "0.92.0",
  "lockfileVersion": 3,
  "requires": true,
  "packages": {
    "": {
      "name": "@types/three",
      "version": "0.92.0",
      "license": "MIT",
      "dependencies": {
        "@types/webvr-api": "*"
      }
    },
    "node_modules/@types/webvr-api": {
      "version": "0.0.41",
      "resolved": "https://registry.npmjs.org/@types/webvr-api/-/webvr-api-0.0.41.tgz",
      "integrity": "sha512-QCGGQR2kpzXLIifvXpPghGMsINT8J4G+qhGungG3AH7P4BgBedRvG9OknttF2prCGLY4iSU1hxchddGC5g99uA==",
      "license": "MIT"
    }
  }
}
