# generated by rye
# use `rye lock` or `rye sync` to update this lockfile
#
# last locked with the following flags:
#   pre: false
#   features: []
#   all-features: false
#   with-sources: false
#   generate-hashes: false
#   universal: false

-e file:.
attrs==23.2.0
    # via outcome
    # via trio
certifi==2024.7.4
    # via requests
    # via selenium
charset-normalizer==3.3.2
    # via requests
greenlet==3.0.3
    # via sqlalchemy
h11==0.14.0
    # via wsproto
idna==3.7
    # via requests
    # via trio
numpy==2.0.0
    # via pandas
oauthlib==3.2.2
    # via requests-oauthlib
outcome==1.3.0.post0
    # via trio
pandas==2.2.2
    # via zaim-sqlite
pysocks==1.7.1
    # via urllib3
python-dateutil==2.9.0.post0
    # via pandas
pytz==2024.1
    # via pandas
pyzaim==1.1.0
    # via zaim-sqlite
requests==2.32.3
    # via requests-oauthlib
requests-oauthlib==2.0.0
    # via pyzaim
selenium==4.11.2
    # via pyzaim
six==1.16.0
    # via python-dateutil
sniffio==1.3.1
    # via trio
sortedcontainers==2.4.0
    # via trio
sqlalchemy==2.0.31
    # via zaim-sqlite
tqdm==4.66.2
    # via pyzaim
    # via zaim-sqlite
trio==0.25.1
    # via selenium
    # via trio-websocket
trio-websocket==0.11.1
    # via selenium
typing-extensions==4.12.2
    # via sqlalchemy
tzdata==2024.1
    # via pandas
urllib3==2.2.2
    # via requests
    # via selenium
wsproto==1.2.0
    # via trio-websocket
